
Microsoft Visual Studio Solution File, Format Version 12.00
# Visual Studio 15
VisualStudioVersion = 15.0.27428.2043
MinimumVisualStudioVersion = 10.0.40219.1
Project("{FAE04EC0-301F-11D3-BF4B-00C04F79EFBC}") = "TestVSTSBot", "TestVSTSBot\TestVSTSBot.csproj", "{490343D4-6EEF-4861-90AC-BE3AE727ED10}"
EndProject
Global
	GlobalSection(SolutionConfigurationPlatforms) = preSolution
		Debug|Any CPU = Debug|Any CPU
		Release|Any CPU = Release|Any CPU
	EndGlobalSection
	GlobalSection(ProjectConfigurationPlatforms) = postSolution
		{490343D4-6EEF-4861-90AC-BE3AE727ED10}.Debug|Any CPU.ActiveCfg = Debug|Any CPU
		{490343D4-6EEF-4861-90AC-BE3AE727ED10}.Debug|Any CPU.Build.0 = Debug|Any CPU
		{490343D4-6EEF-4861-90AC-BE3AE727ED10}.Release|Any CPU.ActiveCfg = Release|Any CPU
		{490343D4-6EEF-4861-90AC-BE3AE727ED10}.Release|Any CPU.Build.0 = Release|Any CPU
	EndGlobalSection
	GlobalSection(SolutionProperties) = preSolution
		HideSolutionNode = FALSE
	EndGlobalSection
	GlobalSection(ExtensibilityGlobals) = postSolution
		SolutionGuid = {9D70C3F1-AAF9-4AB9-A570-5D5038B297EE}
	EndGlobalSection
EndGlobal
